{
  "name": "demo",
  "version": "1.0.0",
  "lockfileVersion": 2,
  "requires": true,
  "packages": {
    "": {
      "name": "demo",
      "version": "1.0.0",
      "license": "ISC",
      "dependencies": {
        "nordigen-bank-ui": "^1.2.0"
      }
    },
    "node_modules/nordigen-bank-ui": {
      "version": "1.2.0",
      "resolved": "https://registry.npmjs.org/nordigen-bank-ui/-/nordigen-bank-ui-1.2.0.tgz",
      "integrity": "sha512-xaBsioXbtQ50UZ+jnHzzeC1URAgJuU57V9JWx1TyZDGcPLVMm13/OsyEJQvBWaoio/TGJOz8r47modTH571PfA=="
    }
  },
  "dependencies": {
    "nordigen-bank-ui": {
      "version": "1.2.0",
      "resolved": "https://registry.npmjs.org/nordigen-bank-ui/-/nordigen-bank-ui-1.2.0.tgz",
      "integrity": "sha512-xaBsioXbtQ50UZ+jnHzzeC1URAgJuU57V9JWx1TyZDGcPLVMm13/OsyEJQvBWaoio/TGJOz8r47modTH571PfA=="
    }
  }
}
