{
  "name": "demo",
  "version": "1.0.0",
  "lockfileVersion": 2,
  "requires": true,
  "packages": {
    "": {
      "name": "demo",
      "version": "1.0.0",
      "license": "ISC",
      "dependencies": {
        "nordigen-bank-ui": "^1.1.0"
      }
    },
    "node_modules/flag-icons": {
      "version": "6.1.1",
      "resolved": "https://registry.npmjs.org/flag-icons/-/flag-icons-6.1.1.tgz",
      "integrity": "sha512-7QJaPXelUF5yLKppUvfqx915oLm2q6DVM037vrBzww4DjwzyVPooq74SLfPPsYabbN3kMPbDQstYjHrx8kBUPg=="
    },
    "node_modules/nordigen-bank-ui": {
      "version": "1.1.0",
      "resolved": "https://registry.npmjs.org/nordigen-bank-ui/-/nordigen-bank-ui-1.1.0.tgz",
      "integrity": "sha512-zTPLXHccc7eq8H6YDCI2nlFFTkxbMnGZgrjJ41hOleDaHhPQG5U5/8GFiVeTPLXMbTz5GRHOLvmSHfD3c5D5+g==",
      "dependencies": {
        "flag-icons": "^6.1.1"
      }
    }
  },
  "dependencies": {
    "flag-icons": {
      "version": "6.1.1",
      "resolved": "https://registry.npmjs.org/flag-icons/-/flag-icons-6.1.1.tgz",
      "integrity": "sha512-7QJaPXelUF5yLKppUvfqx915oLm2q6DVM037vrBzww4DjwzyVPooq74SLfPPsYabbN3kMPbDQstYjHrx8kBUPg=="
    },
    "nordigen-bank-ui": {
      "version": "1.1.0",
      "resolved": "https://registry.npmjs.org/nordigen-bank-ui/-/nordigen-bank-ui-1.1.0.tgz",
      "integrity": "sha512-zTPLXHccc7eq8H6YDCI2nlFFTkxbMnGZgrjJ41hOleDaHhPQG5U5/8GFiVeTPLXMbTz5GRHOLvmSHfD3c5D5+g==",
      "requires": {
        "flag-icons": "^6.1.1"
      }
    }
  }
}
