{
    "name": "demo",
    "version": "1.0.0",
    "lockfileVersion": 2,
    "requires": true,
    "packages": {
        "": {
            "name": "demo",
            "version": "1.0.0",
            "license": "ISC",
            "dependencies": {
                "nordigen-bank-ui": "^1.5.1"
            }
        },
        "node_modules/nordigen-bank-ui": {
            "version": "1.5.1",
            "resolved": "https://registry.npmjs.org/nordigen-bank-ui/-/nordigen-bank-ui-1.5.1.tgz",
            "integrity": "sha512-yw1Yijs26O0PJbWw1wy2g+pcrlFm8nIELI9i+B2RkSwjoajdWgOmpAcjws8CmAY/nsXSq3gwjpUUBBTCg6st9A=="
        }
    },
    "dependencies": {
        "nordigen-bank-ui": {
            "version": "1.5.1",
            "resolved": "https://registry.npmjs.org/nordigen-bank-ui/-/nordigen-bank-ui-1.5.1.tgz",
            "integrity": "sha512-yw1Yijs26O0PJbWw1wy2g+pcrlFm8nIELI9i+B2RkSwjoajdWgOmpAcjws8CmAY/nsXSq3gwjpUUBBTCg6st9A=="
        }
    }
}
